// !$*UTF8*$!
{
	archiveVersion = 1;
	classes = {
	};
	objectVersion = 54;
	objects = {

/* Begin PBXBuildFile section */
		0C80B921A6F3F58F76C31292 /* libPods-my_app4_biExpo18.a in Frameworks */ = {isa = PBXBuildFile; fileRef = 5DCACB8F33CDC322A6C60F78 /* libPods-my_app4_biExpo18.a */; };
		13B07FBF1A68108700A75B9A /* Images.xcassets in Resources */ = {isa = PBXBuildFile; fileRef = 13B07FB51A68108700A75B9A /* Images.xcassets */; };
		761780ED2CA45674006654EE /* AppDelegate.swift in Sources */ = {isa = PBXBuildFile; fileRef = 761780EC2CA45674006654EE /* AppDelegate.swift */; };
		81AB9BB82411601600AC10FF /* LaunchScreen.storyboard in Resources */ = {isa = PBXBuildFile; fileRef = 81AB9BB72411601600AC10FF /* LaunchScreen.storyboard */; };
		B4C1B39656C14C9B9FBF0BE0 /* IRANSansWeb.ttf in Resources */ = {isa = PBXBuildFile; fileRef = DCBB2353B6AF462DB08999ED /* IRANSansWeb.ttf */; };
		C2E6CD2933C440EAB083370F /* IRANSansWeb_Black.ttf in Resources */ = {isa = PBXBuildFile; fileRef = 730B37ECD3EA44F5A44C3DEF /* IRANSansWeb_Black.ttf */; };
		CECD348B21064008BDEB4A56 /* IRANSansWeb_Bold.ttf in Resources */ = {isa = PBXBuildFile; fileRef = 3A513F1626C34B1B92FACB39 /* IRANSansWeb_Bold.ttf */; };
		2A0C42FDC17340E9878F76FE /* IRANSansWeb_Light.ttf in Resources */ = {isa = PBXBuildFile; fileRef = B5A51EDAF4C74CA792431247 /* IRANSansWeb_Light.ttf */; };
		3D15E068F29D421B9E340CE6 /* IRANSansWeb_Medium.ttf in Resources */ = {isa = PBXBuildFile; fileRef = 4A652C3E26D14B34808C312E /* IRANSansWeb_Medium.ttf */; };
		0D050279B9914CDD8BD0857B /* IRANSansWeb_UltraLight.ttf in Resources */ = {isa = PBXBuildFile; fileRef = EC7E375944D54A33A1A1FE13 /* IRANSansWeb_UltraLight.ttf */; };
		1CAC85C4C9F74C62839C28FD /* IRANSansWeb(FaNum).ttf in Resources */ = {isa = PBXBuildFile; fileRef = 6DFF6CDAC34B48A28870F3B3 /* IRANSansWeb(FaNum).ttf */; };
		5F886D0C48284123B31559BC /* IRANSansWeb(FaNum)_Bold.ttf in Resources */ = {isa = PBXBuildFile; fileRef = A3CA2F534E2245839CD1FE1C /* IRANSansWeb(FaNum)_Bold.ttf */; };
		BE731D10F0594B1784348F91 /* IRANSansWeb(FaNum)_Light.ttf in Resources */ = {isa = PBXBuildFile; fileRef = CE10F35E4804405DBF2D6558 /* IRANSansWeb(FaNum)_Light.ttf */; };
		A319E4715BDF41A0A5E2A5C8 /* IRANSansWeb(FaNum)_Medium.ttf in Resources */ = {isa = PBXBuildFile; fileRef = E19266C4878C46E1AF6EF56A /* IRANSansWeb(FaNum)_Medium.ttf */; };
		E847037602A943E58CF7B2F9 /* IRANSansWeb(FaNum)_UltraLight.ttf in Resources */ = {isa = PBXBuildFile; fileRef = 7F06FC4D0AC64664BA6000A9 /* IRANSansWeb(FaNum)_UltraLight.ttf */; };
		93547006FD1A4BAA946D306D /* IRANSansWeb.eot in Resources */ = {isa = PBXBuildFile; fileRef = 5DA880AE626F418CAF8E8E1F /* IRANSansWeb.eot */; };
		733746A387EE462BBDAA8A3E /* IRANSansWeb_Black.eot in Resources */ = {isa = PBXBuildFile; fileRef = 21CFE0F048F641DC8BDAA1D9 /* IRANSansWeb_Black.eot */; };
		B51BFD83BD5F491AAE971E27 /* IRANSansWeb_Bold.eot in Resources */ = {isa = PBXBuildFile; fileRef = 7297A92AFDC347F79AB18CAD /* IRANSansWeb_Bold.eot */; };
		47CF2908F7DC4A98815946D7 /* IRANSansWeb_Light.eot in Resources */ = {isa = PBXBuildFile; fileRef = 8DB501E342B54CFD82DFE1FB /* IRANSansWeb_Light.eot */; };
		099889ADB0FD45BDA9956855 /* IRANSansWeb_Medium.eot in Resources */ = {isa = PBXBuildFile; fileRef = C92F54BAF6A94ECB8895ACAC /* IRANSansWeb_Medium.eot */; };
		05EB312ADE024D9DA7133DC5 /* IRANSansWeb_UltraLight.eot in Resources */ = {isa = PBXBuildFile; fileRef = 62024A55356341C699A12ED9 /* IRANSansWeb_UltraLight.eot */; };
		81FCC31FD23441C2BFEA43FA /* IRANSansWeb.woff in Resources */ = {isa = PBXBuildFile; fileRef = D8C2889972D2410DA7BBC1F7 /* IRANSansWeb.woff */; };
		D6DBB364B5FE46A4B2C1F34A /* IRANSansWeb_Black.woff in Resources */ = {isa = PBXBuildFile; fileRef = 5A2293C7F935415B834E06D6 /* IRANSansWeb_Black.woff */; };
		1D7E592290CD4EA3926E10D4 /* IRANSansWeb_Bold.woff in Resources */ = {isa = PBXBuildFile; fileRef = 397AC40BDDF747F4862BB644 /* IRANSansWeb_Bold.woff */; };
		8AA148619FAF449C9E5CB717 /* IRANSansWeb_Light.woff in Resources */ = {isa = PBXBuildFile; fileRef = 889EDD91E2D24EE598FC43C3 /* IRANSansWeb_Light.woff */; };
		CA4ACF9414AF4C188FE3F5A1 /* IRANSansWeb_Medium.woff in Resources */ = {isa = PBXBuildFile; fileRef = 716813B026A64B5FA8DB14A3 /* IRANSansWeb_Medium.woff */; };
		D59EF48FAA0D4DA79D4CDA9F /* IRANSansWeb_UltraLight.woff in Resources */ = {isa = PBXBuildFile; fileRef = 260D8D186E4647AFAEAA8628 /* IRANSansWeb_UltraLight.woff */; };
		0842302E4A7448FC8237FC23 /* IRANSansWeb.woff2 in Resources */ = {isa = PBXBuildFile; fileRef = 8ACB9A54380F4857BB6D6DEF /* IRANSansWeb.woff2 */; };
		DF3DF51512714FCAABB65803 /* IRANSansWeb_Black.woff2 in Resources */ = {isa = PBXBuildFile; fileRef = EE3A24620551473C8F6EF8EF /* IRANSansWeb_Black.woff2 */; };
		8949AD7F9C9048F59C0777E4 /* IRANSansWeb_Bold.woff2 in Resources */ = {isa = PBXBuildFile; fileRef = D5FFEF53E5924E40B58EB3F9 /* IRANSansWeb_Bold.woff2 */; };
		20A28879903047E093D6D36A /* IRANSansWeb_Light.woff2 in Resources */ = {isa = PBXBuildFile; fileRef = 209488B9C509422BAFF53D45 /* IRANSansWeb_Light.woff2 */; };
		CFAE45FB22B94319AB20EDB9 /* IRANSansWeb_Medium.woff2 in Resources */ = {isa = PBXBuildFile; fileRef = C093422B5C3E4A3FB2A7A3B5 /* IRANSansWeb_Medium.woff2 */; };
		883901D53A2E43CF898185A1 /* IRANSansWeb_UltraLight.woff2 in Resources */ = {isa = PBXBuildFile; fileRef = 1A20FC085CA5447ABF77BCF7 /* IRANSansWeb_UltraLight.woff2 */; };
		4545A197B3B246E69B75324B /* IRANSans(FaNum)_Medium.eot in Resources */ = {isa = PBXBuildFile; fileRef = 710692488A9F4CEB842914C6 /* IRANSans(FaNum)_Medium.eot */; };
		43D7350136814A9E8E3C6C2C /* IRANSansWeb(FaNum).eot in Resources */ = {isa = PBXBuildFile; fileRef = 4D5254F1C33C4D8E98B59571 /* IRANSansWeb(FaNum).eot */; };
		091E7FA708F64C478272F92E /* IRANSansWeb(FaNum)_Bold.eot in Resources */ = {isa = PBXBuildFile; fileRef = 660442F6FFCC4C7D9708678C /* IRANSansWeb(FaNum)_Bold.eot */; };
		5B141D29874C4428952EA69E /* IRANSansWeb(FaNum)_Light.eot in Resources */ = {isa = PBXBuildFile; fileRef = E636312D9A4546E1BB0843AB /* IRANSansWeb(FaNum)_Light.eot */; };
		E60FD1BA3442415C922AC462 /* IRANSansWeb(FaNum)_UltraLight.eot in Resources */ = {isa = PBXBuildFile; fileRef = 4CC68403E0024192A9BF5644 /* IRANSansWeb(FaNum)_UltraLight.eot */; };
		6FE034DEE8B14F59B70DBD13 /* style.css in Resources */ = {isa = PBXBuildFile; fileRef = 777DC3305D7A4502B0B55A20 /* style.css */; };
		4FBAF366A02D449BB5BC894F /* IRANSansWeb(FaNum).woff in Resources */ = {isa = PBXBuildFile; fileRef = 50A7E46BF39949D3AB74A55D /* IRANSansWeb(FaNum).woff */; };
		661288C407E8405B883C5938 /* IRANSansWeb(FaNum)_Bold.woff in Resources */ = {isa = PBXBuildFile; fileRef = C523390E99F341E1AF36D1B9 /* IRANSansWeb(FaNum)_Bold.woff */; };
		A8BC7E36D2524F519190005F /* IRANSansWeb(FaNum)_Light.woff in Resources */ = {isa = PBXBuildFile; fileRef = FDA386560E2E4CD98B04A579 /* IRANSansWeb(FaNum)_Light.woff */; };
		FA1FFC7BC4684541AA14F627 /* IRANSansWeb(FaNum)_Medium.woff in Resources */ = {isa = PBXBuildFile; fileRef = F4AA54663DD84FEE8EA225C8 /* IRANSansWeb(FaNum)_Medium.woff */; };
		B977FD09568C4C7A85F9875E /* IRANSansWeb(FaNum)_UltraLight.woff in Resources */ = {isa = PBXBuildFile; fileRef = F69D4258D79447A6B5F85DBE /* IRANSansWeb(FaNum)_UltraLight.woff */; };
		3F94C18A72874B2989D9CA36 /* IRANSansWeb(FaNum).woff2 in Resources */ = {isa = PBXBuildFile; fileRef = EB0E7C44C37B490EB54646E9 /* IRANSansWeb(FaNum).woff2 */; };
		01E08027CE644F0D942D471D /* IRANSansWeb(FaNum)_Bold.woff2 in Resources */ = {isa = PBXBuildFile; fileRef = DAFD1403EFB5457B9EF46FDA /* IRANSansWeb(FaNum)_Bold.woff2 */; };
		0EAA405714DC4F82BB223A7B /* IRANSansWeb(FaNum)_Light.woff2 in Resources */ = {isa = PBXBuildFile; fileRef = CF4E87FE4152417E9524B761 /* IRANSansWeb(FaNum)_Light.woff2 */; };
		43D002D1653C4EA5854F079E /* IRANSansWeb(FaNum)_Medium.woff2 in Resources */ = {isa = PBXBuildFile; fileRef = 292775BB1271444598CA84AD /* IRANSansWeb(FaNum)_Medium.woff2 */; };
		5CA24BC5BD794BB2BF78A9AE /* IRANSansWeb(FaNum)_UltraLight.woff2 in Resources */ = {isa = PBXBuildFile; fileRef = 85C23D3CDF74472694A2F684 /* IRANSansWeb(FaNum)_UltraLight.woff2 */; };
/* End PBXBuildFile section */

/* Begin PBXFileReference section */
		13B07F961A680F5B00A75B9A /* my_app4_biExpo18.app */ = {isa = PBXFileReference; explicitFileType = wrapper.application; includeInIndex = 0; path = my_app4_biExpo18.app; sourceTree = BUILT_PRODUCTS_DIR; };
		13B07FB51A68108700A75B9A /* Images.xcassets */ = {isa = PBXFileReference; lastKnownFileType = folder.assetcatalog; name = Images.xcassets; path = my_app4_biExpo18/Images.xcassets; sourceTree = "<group>"; };
		13B07FB61A68108700A75B9A /* Info.plist */ = {isa = PBXFileReference; fileEncoding = 4; lastKnownFileType = text.plist.xml; name = Info.plist; path = my_app4_biExpo18/Info.plist; sourceTree = "<group>"; };
		13B07FB81A68108700A75B9A /* PrivacyInfo.xcprivacy */ = {isa = PBXFileReference; fileEncoding = 4; lastKnownFileType = text.plist.xml; name = PrivacyInfo.xcprivacy; path = my_app4_biExpo18/PrivacyInfo.xcprivacy; sourceTree = "<group>"; };
		3B4392A12AC88292D35C810B /* Pods-my_app4_biExpo18.debug.xcconfig */ = {isa = PBXFileReference; includeInIndex = 1; lastKnownFileType = text.xcconfig; name = "Pods-my_app4_biExpo18.debug.xcconfig"; path = "Target Support Files/Pods-my_app4_biExpo18/Pods-my_app4_biExpo18.debug.xcconfig"; sourceTree = "<group>"; };
		5709B34CF0A7D63546082F79 /* Pods-my_app4_biExpo18.release.xcconfig */ = {isa = PBXFileReference; includeInIndex = 1; lastKnownFileType = text.xcconfig; name = "Pods-my_app4_biExpo18.release.xcconfig"; path = "Target Support Files/Pods-my_app4_biExpo18/Pods-my_app4_biExpo18.release.xcconfig"; sourceTree = "<group>"; };
		5DCACB8F33CDC322A6C60F78 /* libPods-my_app4_biExpo18.a */ = {isa = PBXFileReference; explicitFileType = archive.ar; includeInIndex = 0; path = "libPods-my_app4_biExpo18.a"; sourceTree = BUILT_PRODUCTS_DIR; };
		761780EC2CA45674006654EE /* AppDelegate.swift */ = {isa = PBXFileReference; lastKnownFileType = sourcecode.swift; name = AppDelegate.swift; path = my_app4_biExpo18/AppDelegate.swift; sourceTree = "<group>"; };
		81AB9BB72411601600AC10FF /* LaunchScreen.storyboard */ = {isa = PBXFileReference; fileEncoding = 4; lastKnownFileType = file.storyboard; name = LaunchScreen.storyboard; path = my_app4_biExpo18/LaunchScreen.storyboard; sourceTree = "<group>"; };
		ED297162215061F000B7C4FE /* JavaScriptCore.framework */ = {isa = PBXFileReference; lastKnownFileType = wrapper.framework; name = JavaScriptCore.framework; path = System/Library/Frameworks/JavaScriptCore.framework; sourceTree = SDKROOT; };
		DCBB2353B6AF462DB08999ED /* IRANSansWeb.ttf */ = {isa = PBXFileReference; name = "IRANSansWeb.ttf"; path = "../src/assets/fonts/webfont/ttf/IRANSansWeb.ttf"; sourceTree = "<group>"; fileEncoding = undefined; lastKnownFileType = unknown; explicitFileType = undefined; includeInIndex = 0; };
		730B37ECD3EA44F5A44C3DEF /* IRANSansWeb_Black.ttf */ = {isa = PBXFileReference; name = "IRANSansWeb_Black.ttf"; path = "../src/assets/fonts/webfont/ttf/IRANSansWeb_Black.ttf"; sourceTree = "<group>"; fileEncoding = undefined; lastKnownFileType = unknown; explicitFileType = undefined; includeInIndex = 0; };
		3A513F1626C34B1B92FACB39 /* IRANSansWeb_Bold.ttf */ = {isa = PBXFileReference; name = "IRANSansWeb_Bold.ttf"; path = "../src/assets/fonts/webfont/ttf/IRANSansWeb_Bold.ttf"; sourceTree = "<group>"; fileEncoding = undefined; lastKnownFileType = unknown; explicitFileType = undefined; includeInIndex = 0; };
		B5A51EDAF4C74CA792431247 /* IRANSansWeb_Light.ttf */ = {isa = PBXFileReference; name = "IRANSansWeb_Light.ttf"; path = "../src/assets/fonts/webfont/ttf/IRANSansWeb_Light.ttf"; sourceTree = "<group>"; fileEncoding = undefined; lastKnownFileType = unknown; explicitFileType = undefined; includeInIndex = 0; };
		4A652C3E26D14B34808C312E /* IRANSansWeb_Medium.ttf */ = {isa = PBXFileReference; name = "IRANSansWeb_Medium.ttf"; path = "../src/assets/fonts/webfont/ttf/IRANSansWeb_Medium.ttf"; sourceTree = "<group>"; fileEncoding = undefined; lastKnownFileType = unknown; explicitFileType = undefined; includeInIndex = 0; };
		EC7E375944D54A33A1A1FE13 /* IRANSansWeb_UltraLight.ttf */ = {isa = PBXFileReference; name = "IRANSansWeb_UltraLight.ttf"; path = "../src/assets/fonts/webfont/ttf/IRANSansWeb_UltraLight.ttf"; sourceTree = "<group>"; fileEncoding = undefined; lastKnownFileType = unknown; explicitFileType = undefined; includeInIndex = 0; };
		6DFF6CDAC34B48A28870F3B3 /* IRANSansWeb(FaNum).ttf */ = {isa = PBXFileReference; name = "IRANSansWeb(FaNum).ttf"; path = "../src/assets/fonts/webfont(farsi_adad_hast)/ttf/IRANSansWeb(FaNum).ttf"; sourceTree = "<group>"; fileEncoding = undefined; lastKnownFileType = unknown; explicitFileType = undefined; includeInIndex = 0; };
		A3CA2F534E2245839CD1FE1C /* IRANSansWeb(FaNum)_Bold.ttf */ = {isa = PBXFileReference; name = "IRANSansWeb(FaNum)_Bold.ttf"; path = "../src/assets/fonts/webfont(farsi_adad_hast)/ttf/IRANSansWeb(FaNum)_Bold.ttf"; sourceTree = "<group>"; fileEncoding = undefined; lastKnownFileType = unknown; explicitFileType = undefined; includeInIndex = 0; };
		CE10F35E4804405DBF2D6558 /* IRANSansWeb(FaNum)_Light.ttf */ = {isa = PBXFileReference; name = "IRANSansWeb(FaNum)_Light.ttf"; path = "../src/assets/fonts/webfont(farsi_adad_hast)/ttf/IRANSansWeb(FaNum)_Light.ttf"; sourceTree = "<group>"; fileEncoding = undefined; lastKnownFileType = unknown; explicitFileType = undefined; includeInIndex = 0; };
		E19266C4878C46E1AF6EF56A /* IRANSansWeb(FaNum)_Medium.ttf */ = {isa = PBXFileReference; name = "IRANSansWeb(FaNum)_Medium.ttf"; path = "../src/assets/fonts/webfont(farsi_adad_hast)/ttf/IRANSansWeb(FaNum)_Medium.ttf"; sourceTree = "<group>"; fileEncoding = undefined; lastKnownFileType = unknown; explicitFileType = undefined; includeInIndex = 0; };
		7F06FC4D0AC64664BA6000A9 /* IRANSansWeb(FaNum)_UltraLight.ttf */ = {isa = PBXFileReference; name = "IRANSansWeb(FaNum)_UltraLight.ttf"; path = "../src/assets/fonts/webfont(farsi_adad_hast)/ttf/IRANSansWeb(FaNum)_UltraLight.ttf"; sourceTree = "<group>"; fileEncoding = undefined; lastKnownFileType = unknown; explicitFileType = undefined; includeInIndex = 0; };
		5DA880AE626F418CAF8E8E1F /* IRANSansWeb.eot */ = {isa = PBXFileReference; name = "IRANSansWeb.eot"; path = "../src/assets/fonts/webfont/eot/IRANSansWeb.eot"; sourceTree = "<group>"; fileEncoding = undefined; lastKnownFileType = unknown; explicitFileType = undefined; includeInIndex = 0; };
		21CFE0F048F641DC8BDAA1D9 /* IRANSansWeb_Black.eot */ = {isa = PBXFileReference; name = "IRANSansWeb_Black.eot"; path = "../src/assets/fonts/webfont/eot/IRANSansWeb_Black.eot"; sourceTree = "<group>"; fileEncoding = undefined; lastKnownFileType = unknown; explicitFileType = undefined; includeInIndex = 0; };
		7297A92AFDC347F79AB18CAD /* IRANSansWeb_Bold.eot */ = {isa = PBXFileReference; name = "IRANSansWeb_Bold.eot"; path = "../src/assets/fonts/webfont/eot/IRANSansWeb_Bold.eot"; sourceTree = "<group>"; fileEncoding = undefined; lastKnownFileType = unknown; explicitFileType = undefined; includeInIndex = 0; };
		8DB501E342B54CFD82DFE1FB /* IRANSansWeb_Light.eot */ = {isa = PBXFileReference; name = "IRANSansWeb_Light.eot"; path = "../src/assets/fonts/webfont/eot/IRANSansWeb_Light.eot"; sourceTree = "<group>"; fileEncoding = undefined; lastKnownFileType = unknown; explicitFileType = undefined; includeInIndex = 0; };
		C92F54BAF6A94ECB8895ACAC /* IRANSansWeb_Medium.eot */ = {isa = PBXFileReference; name = "IRANSansWeb_Medium.eot"; path = "../src/assets/fonts/webfont/eot/IRANSansWeb_Medium.eot"; sourceTree = "<group>"; fileEncoding = undefined; lastKnownFileType = unknown; explicitFileType = undefined; includeInIndex = 0; };
		62024A55356341C699A12ED9 /* IRANSansWeb_UltraLight.eot */ = {isa = PBXFileReference; name = "IRANSansWeb_UltraLight.eot"; path = "../src/assets/fonts/webfont/eot/IRANSansWeb_UltraLight.eot"; sourceTree = "<group>"; fileEncoding = undefined; lastKnownFileType = unknown; explicitFileType = undefined; includeInIndex = 0; };
		D8C2889972D2410DA7BBC1F7 /* IRANSansWeb.woff */ = {isa = PBXFileReference; name = "IRANSansWeb.woff"; path = "../src/assets/fonts/webfont/woff/IRANSansWeb.woff"; sourceTree = "<group>"; fileEncoding = undefined; lastKnownFileType = unknown; explicitFileType = undefined; includeInIndex = 0; };
		5A2293C7F935415B834E06D6 /* IRANSansWeb_Black.woff */ = {isa = PBXFileReference; name = "IRANSansWeb_Black.woff"; path = "../src/assets/fonts/webfont/woff/IRANSansWeb_Black.woff"; sourceTree = "<group>"; fileEncoding = undefined; lastKnownFileType = unknown; explicitFileType = undefined; includeInIndex = 0; };
		397AC40BDDF747F4862BB644 /* IRANSansWeb_Bold.woff */ = {isa = PBXFileReference; name = "IRANSansWeb_Bold.woff"; path = "../src/assets/fonts/webfont/woff/IRANSansWeb_Bold.woff"; sourceTree = "<group>"; fileEncoding = undefined; lastKnownFileType = unknown; explicitFileType = undefined; includeInIndex = 0; };
		889EDD91E2D24EE598FC43C3 /* IRANSansWeb_Light.woff */ = {isa = PBXFileReference; name = "IRANSansWeb_Light.woff"; path = "../src/assets/fonts/webfont/woff/IRANSansWeb_Light.woff"; sourceTree = "<group>"; fileEncoding = undefined; lastKnownFileType = unknown; explicitFileType = undefined; includeInIndex = 0; };
		716813B026A64B5FA8DB14A3 /* IRANSansWeb_Medium.woff */ = {isa = PBXFileReference; name = "IRANSansWeb_Medium.woff"; path = "../src/assets/fonts/webfont/woff/IRANSansWeb_Medium.woff"; sourceTree = "<group>"; fileEncoding = undefined; lastKnownFileType = unknown; explicitFileType = undefined; includeInIndex = 0; };
		260D8D186E4647AFAEAA8628 /* IRANSansWeb_UltraLight.woff */ = {isa = PBXFileReference; name = "IRANSansWeb_UltraLight.woff"; path = "../src/assets/fonts/webfont/woff/IRANSansWeb_UltraLight.woff"; sourceTree = "<group>"; fileEncoding = undefined; lastKnownFileType = unknown; explicitFileType = undefined; includeInIndex = 0; };
		8ACB9A54380F4857BB6D6DEF /* IRANSansWeb.woff2 */ = {isa = PBXFileReference; name = "IRANSansWeb.woff2"; path = "../src/assets/fonts/webfont/woff2/IRANSansWeb.woff2"; sourceTree = "<group>"; fileEncoding = undefined; lastKnownFileType = unknown; explicitFileType = undefined; includeInIndex = 0; };
		EE3A24620551473C8F6EF8EF /* IRANSansWeb_Black.woff2 */ = {isa = PBXFileReference; name = "IRANSansWeb_Black.woff2"; path = "../src/assets/fonts/webfont/woff2/IRANSansWeb_Black.woff2"; sourceTree = "<group>"; fileEncoding = undefined; lastKnownFileType = unknown; explicitFileType = undefined; includeInIndex = 0; };
		D5FFEF53E5924E40B58EB3F9 /* IRANSansWeb_Bold.woff2 */ = {isa = PBXFileReference; name = "IRANSansWeb_Bold.woff2"; path = "../src/assets/fonts/webfont/woff2/IRANSansWeb_Bold.woff2"; sourceTree = "<group>"; fileEncoding = undefined; lastKnownFileType = unknown; explicitFileType = undefined; includeInIndex = 0; };
		209488B9C509422BAFF53D45 /* IRANSansWeb_Light.woff2 */ = {isa = PBXFileReference; name = "IRANSansWeb_Light.woff2"; path = "../src/assets/fonts/webfont/woff2/IRANSansWeb_Light.woff2"; sourceTree = "<group>"; fileEncoding = undefined; lastKnownFileType = unknown; explicitFileType = undefined; includeInIndex = 0; };
		C093422B5C3E4A3FB2A7A3B5 /* IRANSansWeb_Medium.woff2 */ = {isa = PBXFileReference; name = "IRANSansWeb_Medium.woff2"; path = "../src/assets/fonts/webfont/woff2/IRANSansWeb_Medium.woff2"; sourceTree = "<group>"; fileEncoding = undefined; lastKnownFileType = unknown; explicitFileType = undefined; includeInIndex = 0; };
		1A20FC085CA5447ABF77BCF7 /* IRANSansWeb_UltraLight.woff2 */ = {isa = PBXFileReference; name = "IRANSansWeb_UltraLight.woff2"; path = "../src/assets/fonts/webfont/woff2/IRANSansWeb_UltraLight.woff2"; sourceTree = "<group>"; fileEncoding = undefined; lastKnownFileType = unknown; explicitFileType = undefined; includeInIndex = 0; };
		710692488A9F4CEB842914C6 /* IRANSans(FaNum)_Medium.eot */ = {isa = PBXFileReference; name = "IRANSans(FaNum)_Medium.eot"; path = "../src/assets/fonts/webfont(farsi_adad_hast)/eot/IRANSans(FaNum)_Medium.eot"; sourceTree = "<group>"; fileEncoding = undefined; lastKnownFileType = unknown; explicitFileType = undefined; includeInIndex = 0; };
		4D5254F1C33C4D8E98B59571 /* IRANSansWeb(FaNum).eot */ = {isa = PBXFileReference; name = "IRANSansWeb(FaNum).eot"; path = "../src/assets/fonts/webfont(farsi_adad_hast)/eot/IRANSansWeb(FaNum).eot"; sourceTree = "<group>"; fileEncoding = undefined; lastKnownFileType = unknown; explicitFileType = undefined; includeInIndex = 0; };
		660442F6FFCC4C7D9708678C /* IRANSansWeb(FaNum)_Bold.eot */ = {isa = PBXFileReference; name = "IRANSansWeb(FaNum)_Bold.eot"; path = "../src/assets/fonts/webfont(farsi_adad_hast)/eot/IRANSansWeb(FaNum)_Bold.eot"; sourceTree = "<group>"; fileEncoding = undefined; lastKnownFileType = unknown; explicitFileType = undefined; includeInIndex = 0; };
		E636312D9A4546E1BB0843AB /* IRANSansWeb(FaNum)_Light.eot */ = {isa = PBXFileReference; name = "IRANSansWeb(FaNum)_Light.eot"; path = "../src/assets/fonts/webfont(farsi_adad_hast)/eot/IRANSansWeb(FaNum)_Light.eot"; sourceTree = "<group>"; fileEncoding = undefined; lastKnownFileType = unknown; explicitFileType = undefined; includeInIndex = 0; };
		4CC68403E0024192A9BF5644 /* IRANSansWeb(FaNum)_UltraLight.eot */ = {isa = PBXFileReference; name = "IRANSansWeb(FaNum)_UltraLight.eot"; path = "../src/assets/fonts/webfont(farsi_adad_hast)/eot/IRANSansWeb(FaNum)_UltraLight.eot"; sourceTree = "<group>"; fileEncoding = undefined; lastKnownFileType = unknown; explicitFileType = undefined; includeInIndex = 0; };
		777DC3305D7A4502B0B55A20 /* style.css */ = {isa = PBXFileReference; name = "style.css"; path = "../src/assets/fonts/webfont(farsi_adad_hast)/style.css"; sourceTree = "<group>"; fileEncoding = undefined; lastKnownFileType = unknown; explicitFileType = undefined; includeInIndex = 0; };
		50A7E46BF39949D3AB74A55D /* IRANSansWeb(FaNum).woff */ = {isa = PBXFileReference; name = "IRANSansWeb(FaNum).woff"; path = "../src/assets/fonts/webfont(farsi_adad_hast)/woff/IRANSansWeb(FaNum).woff"; sourceTree = "<group>"; fileEncoding = undefined; lastKnownFileType = unknown; explicitFileType = undefined; includeInIndex = 0; };
		C523390E99F341E1AF36D1B9 /* IRANSansWeb(FaNum)_Bold.woff */ = {isa = PBXFileReference; name = "IRANSansWeb(FaNum)_Bold.woff"; path = "../src/assets/fonts/webfont(farsi_adad_hast)/woff/IRANSansWeb(FaNum)_Bold.woff"; sourceTree = "<group>"; fileEncoding = undefined; lastKnownFileType = unknown; explicitFileType = undefined; includeInIndex = 0; };
		FDA386560E2E4CD98B04A579 /* IRANSansWeb(FaNum)_Light.woff */ = {isa = PBXFileReference; name = "IRANSansWeb(FaNum)_Light.woff"; path = "../src/assets/fonts/webfont(farsi_adad_hast)/woff/IRANSansWeb(FaNum)_Light.woff"; sourceTree = "<group>"; fileEncoding = undefined; lastKnownFileType = unknown; explicitFileType = undefined; includeInIndex = 0; };
		F4AA54663DD84FEE8EA225C8 /* IRANSansWeb(FaNum)_Medium.woff */ = {isa = PBXFileReference; name = "IRANSansWeb(FaNum)_Medium.woff"; path = "../src/assets/fonts/webfont(farsi_adad_hast)/woff/IRANSansWeb(FaNum)_Medium.woff"; sourceTree = "<group>"; fileEncoding = undefined; lastKnownFileType = unknown; explicitFileType = undefined; includeInIndex = 0; };
		F69D4258D79447A6B5F85DBE /* IRANSansWeb(FaNum)_UltraLight.woff */ = {isa = PBXFileReference; name = "IRANSansWeb(FaNum)_UltraLight.woff"; path = "../src/assets/fonts/webfont(farsi_adad_hast)/woff/IRANSansWeb(FaNum)_UltraLight.woff"; sourceTree = "<group>"; fileEncoding = undefined; lastKnownFileType = unknown; explicitFileType = undefined; includeInIndex = 0; };
		EB0E7C44C37B490EB54646E9 /* IRANSansWeb(FaNum).woff2 */ = {isa = PBXFileReference; name = "IRANSansWeb(FaNum).woff2"; path = "../src/assets/fonts/webfont(farsi_adad_hast)/woff2/IRANSansWeb(FaNum).woff2"; sourceTree = "<group>"; fileEncoding = undefined; lastKnownFileType = unknown; explicitFileType = undefined; includeInIndex = 0; };
		DAFD1403EFB5457B9EF46FDA /* IRANSansWeb(FaNum)_Bold.woff2 */ = {isa = PBXFileReference; name = "IRANSansWeb(FaNum)_Bold.woff2"; path = "../src/assets/fonts/webfont(farsi_adad_hast)/woff2/IRANSansWeb(FaNum)_Bold.woff2"; sourceTree = "<group>"; fileEncoding = undefined; lastKnownFileType = unknown; explicitFileType = undefined; includeInIndex = 0; };
		CF4E87FE4152417E9524B761 /* IRANSansWeb(FaNum)_Light.woff2 */ = {isa = PBXFileReference; name = "IRANSansWeb(FaNum)_Light.woff2"; path = "../src/assets/fonts/webfont(farsi_adad_hast)/woff2/IRANSansWeb(FaNum)_Light.woff2"; sourceTree = "<group>"; fileEncoding = undefined; lastKnownFileType = unknown; explicitFileType = undefined; includeInIndex = 0; };
		292775BB1271444598CA84AD /* IRANSansWeb(FaNum)_Medium.woff2 */ = {isa = PBXFileReference; name = "IRANSansWeb(FaNum)_Medium.woff2"; path = "../src/assets/fonts/webfont(farsi_adad_hast)/woff2/IRANSansWeb(FaNum)_Medium.woff2"; sourceTree = "<group>"; fileEncoding = undefined; lastKnownFileType = unknown; explicitFileType = undefined; includeInIndex = 0; };
		85C23D3CDF74472694A2F684 /* IRANSansWeb(FaNum)_UltraLight.woff2 */ = {isa = PBXFileReference; name = "IRANSansWeb(FaNum)_UltraLight.woff2"; path = "../src/assets/fonts/webfont(farsi_adad_hast)/woff2/IRANSansWeb(FaNum)_UltraLight.woff2"; sourceTree = "<group>"; fileEncoding = undefined; lastKnownFileType = unknown; explicitFileType = undefined; includeInIndex = 0; };
/* End PBXFileReference section */

/* Begin PBXFrameworksBuildPhase section */
		13B07F8C1A680F5B00A75B9A /* Frameworks */ = {
			isa = PBXFrameworksBuildPhase;
			buildActionMask = 2147483647;
			files = (
				0C80B921A6F3F58F76C31292 /* libPods-my_app4_biExpo18.a in Frameworks */,
			);
			runOnlyForDeploymentPostprocessing = 0;
		};
/* End PBXFrameworksBuildPhase section */

/* Begin PBXGroup section */
		13B07FAE1A68108700A75B9A /* my_app4_biExpo18 */ = {
			isa = PBXGroup;
			children = (
				13B07FB51A68108700A75B9A /* Images.xcassets */,
				761780EC2CA45674006654EE /* AppDelegate.swift */,
				13B07FB61A68108700A75B9A /* Info.plist */,
				81AB9BB72411601600AC10FF /* LaunchScreen.storyboard */,
				13B07FB81A68108700A75B9A /* PrivacyInfo.xcprivacy */,
			);
			name = my_app4_biExpo18;
			sourceTree = "<group>";
		};
		2D16E6871FA4F8E400B85C8A /* Frameworks */ = {
			isa = PBXGroup;
			children = (
				ED297162215061F000B7C4FE /* JavaScriptCore.framework */,
				5DCACB8F33CDC322A6C60F78 /* libPods-my_app4_biExpo18.a */,
			);
			name = Frameworks;
			sourceTree = "<group>";
		};
		832341AE1AAA6A7D00B99B32 /* Libraries */ = {
			isa = PBXGroup;
			children = (
			);
			name = Libraries;
			sourceTree = "<group>";
		};
		83CBB9F61A601CBA00E9B192 = {
			isa = PBXGroup;
			children = (
				13B07FAE1A68108700A75B9A /* my_app4_biExpo18 */,
				832341AE1AAA6A7D00B99B32 /* Libraries */,
				83CBBA001A601CBA00E9B192 /* Products */,
				2D16E6871FA4F8E400B85C8A /* Frameworks */,
				BBD78D7AC51CEA395F1C20DB /* Pods */,
				7C0D24FE29C14F9F8A411EC2 /* Resources */,
			);
			indentWidth = 2;
			sourceTree = "<group>";
			tabWidth = 2;
			usesTabs = 0;
		};
		83CBBA001A601CBA00E9B192 /* Products */ = {
			isa = PBXGroup;
			children = (
				13B07F961A680F5B00A75B9A /* my_app4_biExpo18.app */,
			);
			name = Products;
			sourceTree = "<group>";
		};
		BBD78D7AC51CEA395F1C20DB /* Pods */ = {
			isa = PBXGroup;
			children = (
				3B4392A12AC88292D35C810B /* Pods-my_app4_biExpo18.debug.xcconfig */,
				5709B34CF0A7D63546082F79 /* Pods-my_app4_biExpo18.release.xcconfig */,
			);
			path = Pods;
			sourceTree = "<group>";
		};
		7C0D24FE29C14F9F8A411EC2 /* Resources */ = {
			isa = "PBXGroup";
			children = (
				DCBB2353B6AF462DB08999ED /* IRANSansWeb.ttf */,
				730B37ECD3EA44F5A44C3DEF /* IRANSansWeb_Black.ttf */,
				3A513F1626C34B1B92FACB39 /* IRANSansWeb_Bold.ttf */,
				B5A51EDAF4C74CA792431247 /* IRANSansWeb_Light.ttf */,
				4A652C3E26D14B34808C312E /* IRANSansWeb_Medium.ttf */,
				EC7E375944D54A33A1A1FE13 /* IRANSansWeb_UltraLight.ttf */,
				6DFF6CDAC34B48A28870F3B3 /* IRANSansWeb(FaNum).ttf */,
				A3CA2F534E2245839CD1FE1C /* IRANSansWeb(FaNum)_Bold.ttf */,
				CE10F35E4804405DBF2D6558 /* IRANSansWeb(FaNum)_Light.ttf */,
				E19266C4878C46E1AF6EF56A /* IRANSansWeb(FaNum)_Medium.ttf */,
				7F06FC4D0AC64664BA6000A9 /* IRANSansWeb(FaNum)_UltraLight.ttf */,
				5DA880AE626F418CAF8E8E1F /* IRANSansWeb.eot */,
				21CFE0F048F641DC8BDAA1D9 /* IRANSansWeb_Black.eot */,
				7297A92AFDC347F79AB18CAD /* IRANSansWeb_Bold.eot */,
				8DB501E342B54CFD82DFE1FB /* IRANSansWeb_Light.eot */,
				C92F54BAF6A94ECB8895ACAC /* IRANSansWeb_Medium.eot */,
				62024A55356341C699A12ED9 /* IRANSansWeb_UltraLight.eot */,
				D8C2889972D2410DA7BBC1F7 /* IRANSansWeb.woff */,
				5A2293C7F935415B834E06D6 /* IRANSansWeb_Black.woff */,
				397AC40BDDF747F4862BB644 /* IRANSansWeb_Bold.woff */,
				889EDD91E2D24EE598FC43C3 /* IRANSansWeb_Light.woff */,
				716813B026A64B5FA8DB14A3 /* IRANSansWeb_Medium.woff */,
				260D8D186E4647AFAEAA8628 /* IRANSansWeb_UltraLight.woff */,
				8ACB9A54380F4857BB6D6DEF /* IRANSansWeb.woff2 */,
				EE3A24620551473C8F6EF8EF /* IRANSansWeb_Black.woff2 */,
				D5FFEF53E5924E40B58EB3F9 /* IRANSansWeb_Bold.woff2 */,
				209488B9C509422BAFF53D45 /* IRANSansWeb_Light.woff2 */,
				C093422B5C3E4A3FB2A7A3B5 /* IRANSansWeb_Medium.woff2 */,
				1A20FC085CA5447ABF77BCF7 /* IRANSansWeb_UltraLight.woff2 */,
				710692488A9F4CEB842914C6 /* IRANSans(FaNum)_Medium.eot */,
				4D5254F1C33C4D8E98B59571 /* IRANSansWeb(FaNum).eot */,
				660442F6FFCC4C7D9708678C /* IRANSansWeb(FaNum)_Bold.eot */,
				E636312D9A4546E1BB0843AB /* IRANSansWeb(FaNum)_Light.eot */,
				4CC68403E0024192A9BF5644 /* IRANSansWeb(FaNum)_UltraLight.eot */,
				777DC3305D7A4502B0B55A20 /* style.css */,
				50A7E46BF39949D3AB74A55D /* IRANSansWeb(FaNum).woff */,
				C523390E99F341E1AF36D1B9 /* IRANSansWeb(FaNum)_Bold.woff */,
				FDA386560E2E4CD98B04A579 /* IRANSansWeb(FaNum)_Light.woff */,
				F4AA54663DD84FEE8EA225C8 /* IRANSansWeb(FaNum)_Medium.woff */,
				F69D4258D79447A6B5F85DBE /* IRANSansWeb(FaNum)_UltraLight.woff */,
				EB0E7C44C37B490EB54646E9 /* IRANSansWeb(FaNum).woff2 */,
				DAFD1403EFB5457B9EF46FDA /* IRANSansWeb(FaNum)_Bold.woff2 */,
				CF4E87FE4152417E9524B761 /* IRANSansWeb(FaNum)_Light.woff2 */,
				292775BB1271444598CA84AD /* IRANSansWeb(FaNum)_Medium.woff2 */,
				85C23D3CDF74472694A2F684 /* IRANSansWeb(FaNum)_UltraLight.woff2 */,
			);
			name = Resources;
			sourceTree = "<group>";
			path = "";
		};
/* End PBXGroup section */

/* Begin PBXNativeTarget section */
		13B07F861A680F5B00A75B9A /* my_app4_biExpo18 */ = {
			isa = PBXNativeTarget;
			buildConfigurationList = 13B07F931A680F5B00A75B9A /* Build configuration list for PBXNativeTarget "my_app4_biExpo18" */;
			buildPhases = (
				C38B50BA6285516D6DCD4F65 /* [CP] Check Pods Manifest.lock */,
				13B07F871A680F5B00A75B9A /* Sources */,
				13B07F8C1A680F5B00A75B9A /* Frameworks */,
				13B07F8E1A680F5B00A75B9A /* Resources */,
				00DD1BFF1BD5951E006B06BC /* Bundle React Native code and images */,
				00EEFC60759A1932668264C0 /* [CP] Embed Pods Frameworks */,
				E235C05ADACE081382539298 /* [CP] Copy Pods Resources */,
			);
			buildRules = (
			);
			dependencies = (
			);
			name = my_app4_biExpo18;
			productName = my_app4_biExpo18;
			productReference = 13B07F961A680F5B00A75B9A /* my_app4_biExpo18.app */;
			productType = "com.apple.product-type.application";
		};
/* End PBXNativeTarget section */

/* Begin PBXProject section */
		83CBB9F71A601CBA00E9B192 /* Project object */ = {
			isa = PBXProject;
			attributes = {
				LastUpgradeCheck = 1210;
				TargetAttributes = {
					13B07F861A680F5B00A75B9A = {
						LastSwiftMigration = 1120;
					};
				};
			};
			buildConfigurationList = 83CBB9FA1A601CBA00E9B192 /* Build configuration list for PBXProject "my_app4_biExpo18" */;
			compatibilityVersion = "Xcode 12.0";
			developmentRegion = en;
			hasScannedForEncodings = 0;
			knownRegions = (
				en,
				Base,
			);
			mainGroup = 83CBB9F61A601CBA00E9B192;
			productRefGroup = 83CBBA001A601CBA00E9B192 /* Products */;
			projectDirPath = "";
			projectRoot = "";
			targets = (
				13B07F861A680F5B00A75B9A /* my_app4_biExpo18 */,
			);
		};
/* End PBXProject section */

/* Begin PBXResourcesBuildPhase section */
		13B07F8E1A680F5B00A75B9A /* Resources */ = {
			isa = PBXResourcesBuildPhase;
			buildActionMask = 2147483647;
			files = (
				81AB9BB82411601600AC10FF /* LaunchScreen.storyboard in Resources */,
				13B07FBF1A68108700A75B9A /* Images.xcassets in Resources */,
				B4C1B39656C14C9B9FBF0BE0 /* IRANSansWeb.ttf in Resources */,
				C2E6CD2933C440EAB083370F /* IRANSansWeb_Black.ttf in Resources */,
				CECD348B21064008BDEB4A56 /* IRANSansWeb_Bold.ttf in Resources */,
				2A0C42FDC17340E9878F76FE /* IRANSansWeb_Light.ttf in Resources */,
				3D15E068F29D421B9E340CE6 /* IRANSansWeb_Medium.ttf in Resources */,
				0D050279B9914CDD8BD0857B /* IRANSansWeb_UltraLight.ttf in Resources */,
				1CAC85C4C9F74C62839C28FD /* IRANSansWeb(FaNum).ttf in Resources */,
				5F886D0C48284123B31559BC /* IRANSansWeb(FaNum)_Bold.ttf in Resources */,
				BE731D10F0594B1784348F91 /* IRANSansWeb(FaNum)_Light.ttf in Resources */,
				A319E4715BDF41A0A5E2A5C8 /* IRANSansWeb(FaNum)_Medium.ttf in Resources */,
				E847037602A943E58CF7B2F9 /* IRANSansWeb(FaNum)_UltraLight.ttf in Resources */,
				93547006FD1A4BAA946D306D /* IRANSansWeb.eot in Resources */,
				733746A387EE462BBDAA8A3E /* IRANSansWeb_Black.eot in Resources */,
				B51BFD83BD5F491AAE971E27 /* IRANSansWeb_Bold.eot in Resources */,
				47CF2908F7DC4A98815946D7 /* IRANSansWeb_Light.eot in Resources */,
				099889ADB0FD45BDA9956855 /* IRANSansWeb_Medium.eot in Resources */,
				05EB312ADE024D9DA7133DC5 /* IRANSansWeb_UltraLight.eot in Resources */,
				81FCC31FD23441C2BFEA43FA /* IRANSansWeb.woff in Resources */,
				D6DBB364B5FE46A4B2C1F34A /* IRANSansWeb_Black.woff in Resources */,
				1D7E592290CD4EA3926E10D4 /* IRANSansWeb_Bold.woff in Resources */,
				8AA148619FAF449C9E5CB717 /* IRANSansWeb_Light.woff in Resources */,
				CA4ACF9414AF4C188FE3F5A1 /* IRANSansWeb_Medium.woff in Resources */,
				D59EF48FAA0D4DA79D4CDA9F /* IRANSansWeb_UltraLight.woff in Resources */,
				0842302E4A7448FC8237FC23 /* IRANSansWeb.woff2 in Resources */,
				DF3DF51512714FCAABB65803 /* IRANSansWeb_Black.woff2 in Resources */,
				8949AD7F9C9048F59C0777E4 /* IRANSansWeb_Bold.woff2 in Resources */,
				20A28879903047E093D6D36A /* IRANSansWeb_Light.woff2 in Resources */,
				CFAE45FB22B94319AB20EDB9 /* IRANSansWeb_Medium.woff2 in Resources */,
				883901D53A2E43CF898185A1 /* IRANSansWeb_UltraLight.woff2 in Resources */,
				4545A197B3B246E69B75324B /* IRANSans(FaNum)_Medium.eot in Resources */,
				43D7350136814A9E8E3C6C2C /* IRANSansWeb(FaNum).eot in Resources */,
				091E7FA708F64C478272F92E /* IRANSansWeb(FaNum)_Bold.eot in Resources */,
				5B141D29874C4428952EA69E /* IRANSansWeb(FaNum)_Light.eot in Resources */,
				E60FD1BA3442415C922AC462 /* IRANSansWeb(FaNum)_UltraLight.eot in Resources */,
				6FE034DEE8B14F59B70DBD13 /* style.css in Resources */,
				4FBAF366A02D449BB5BC894F /* IRANSansWeb(FaNum).woff in Resources */,
				661288C407E8405B883C5938 /* IRANSansWeb(FaNum)_Bold.woff in Resources */,
				A8BC7E36D2524F519190005F /* IRANSansWeb(FaNum)_Light.woff in Resources */,
				FA1FFC7BC4684541AA14F627 /* IRANSansWeb(FaNum)_Medium.woff in Resources */,
				B977FD09568C4C7A85F9875E /* IRANSansWeb(FaNum)_UltraLight.woff in Resources */,
				3F94C18A72874B2989D9CA36 /* IRANSansWeb(FaNum).woff2 in Resources */,
				01E08027CE644F0D942D471D /* IRANSansWeb(FaNum)_Bold.woff2 in Resources */,
				0EAA405714DC4F82BB223A7B /* IRANSansWeb(FaNum)_Light.woff2 in Resources */,
				43D002D1653C4EA5854F079E /* IRANSansWeb(FaNum)_Medium.woff2 in Resources */,
				5CA24BC5BD794BB2BF78A9AE /* IRANSansWeb(FaNum)_UltraLight.woff2 in Resources */,
			);
			runOnlyForDeploymentPostprocessing = 0;
		};
/* End PBXResourcesBuildPhase section */

/* Begin PBXShellScriptBuildPhase section */
		00DD1BFF1BD5951E006B06BC /* Bundle React Native code and images */ = {
			isa = PBXShellScriptBuildPhase;
			buildActionMask = 2147483647;
			files = (
			);
			inputPaths = (
				"$(SRCROOT)/.xcode.env.local",
				"$(SRCROOT)/.xcode.env",
			);
			name = "Bundle React Native code and images";
			outputPaths = (
			);
			runOnlyForDeploymentPostprocessing = 0;
			shellPath = /bin/sh;
			shellScript = "set -e\n\nWITH_ENVIRONMENT=\"$REACT_NATIVE_PATH/scripts/xcode/with-environment.sh\"\nREACT_NATIVE_XCODE=\"$REACT_NATIVE_PATH/scripts/react-native-xcode.sh\"\n\n/bin/sh -c \"\\\"$WITH_ENVIRONMENT\\\" \\\"$REACT_NATIVE_XCODE\\\"\"\n";
		};
		00EEFC60759A1932668264C0 /* [CP] Embed Pods Frameworks */ = {
			isa = PBXShellScriptBuildPhase;
			buildActionMask = 2147483647;
			files = (
			);
			inputFileListPaths = (
				"${PODS_ROOT}/Target Support Files/Pods-my_app4_biExpo18/Pods-my_app4_biExpo18-frameworks-${CONFIGURATION}-input-files.xcfilelist",
			);
			name = "[CP] Embed Pods Frameworks";
			outputFileListPaths = (
				"${PODS_ROOT}/Target Support Files/Pods-my_app4_biExpo18/Pods-my_app4_biExpo18-frameworks-${CONFIGURATION}-output-files.xcfilelist",
			);
			runOnlyForDeploymentPostprocessing = 0;
			shellPath = /bin/sh;
			shellScript = "\"${PODS_ROOT}/Target Support Files/Pods-my_app4_biExpo18/Pods-my_app4_biExpo18-frameworks.sh\"\n";
			showEnvVarsInLog = 0;
		};
		C38B50BA6285516D6DCD4F65 /* [CP] Check Pods Manifest.lock */ = {
			isa = PBXShellScriptBuildPhase;
			buildActionMask = 2147483647;
			files = (
			);
			inputFileListPaths = (
			);
			inputPaths = (
				"${PODS_PODFILE_DIR_PATH}/Podfile.lock",
				"${PODS_ROOT}/Manifest.lock",
			);
			name = "[CP] Check Pods Manifest.lock";
			outputFileListPaths = (
			);
			outputPaths = (
				"$(DERIVED_FILE_DIR)/Pods-my_app4_biExpo18-checkManifestLockResult.txt",
			);
			runOnlyForDeploymentPostprocessing = 0;
			shellPath = /bin/sh;
			shellScript = "diff \"${PODS_PODFILE_DIR_PATH}/Podfile.lock\" \"${PODS_ROOT}/Manifest.lock\" > /dev/null\nif [ $? != 0 ] ; then\n    # print error to STDERR\n    echo \"error: The sandbox is not in sync with the Podfile.lock. Run 'pod install' or update your CocoaPods installation.\" >&2\n    exit 1\nfi\n# This output is used by Xcode 'outputs' to avoid re-running this script phase.\necho \"SUCCESS\" > \"${SCRIPT_OUTPUT_FILE_0}\"\n";
			showEnvVarsInLog = 0;
		};
		E235C05ADACE081382539298 /* [CP] Copy Pods Resources */ = {
			isa = PBXShellScriptBuildPhase;
			buildActionMask = 2147483647;
			files = (
			);
			inputFileListPaths = (
				"${PODS_ROOT}/Target Support Files/Pods-my_app4_biExpo18/Pods-my_app4_biExpo18-resources-${CONFIGURATION}-input-files.xcfilelist",
			);
			name = "[CP] Copy Pods Resources";
			outputFileListPaths = (
				"${PODS_ROOT}/Target Support Files/Pods-my_app4_biExpo18/Pods-my_app4_biExpo18-resources-${CONFIGURATION}-output-files.xcfilelist",
			);
			runOnlyForDeploymentPostprocessing = 0;
			shellPath = /bin/sh;
			shellScript = "\"${PODS_ROOT}/Target Support Files/Pods-my_app4_biExpo18/Pods-my_app4_biExpo18-resources.sh\"\n";
			showEnvVarsInLog = 0;
		};
/* End PBXShellScriptBuildPhase section */

/* Begin PBXSourcesBuildPhase section */
		13B07F871A680F5B00A75B9A /* Sources */ = {
			isa = PBXSourcesBuildPhase;
			buildActionMask = 2147483647;
			files = (
				761780ED2CA45674006654EE /* AppDelegate.swift in Sources */,
			);
			runOnlyForDeploymentPostprocessing = 0;
		};
/* End PBXSourcesBuildPhase section */

/* Begin XCBuildConfiguration section */
		13B07F941A680F5B00A75B9A /* Debug */ = {
			isa = XCBuildConfiguration;
			baseConfigurationReference = 3B4392A12AC88292D35C810B /* Pods-my_app4_biExpo18.debug.xcconfig */;
			buildSettings = {
				ASSETCATALOG_COMPILER_APPICON_NAME = AppIcon;
				CLANG_ENABLE_MODULES = YES;
				CURRENT_PROJECT_VERSION = 1;
				ENABLE_BITCODE = NO;
				INFOPLIST_FILE = my_app4_biExpo18/Info.plist;
				IPHONEOS_DEPLOYMENT_TARGET = 15.1;
				LD_RUNPATH_SEARCH_PATHS = (
					"$(inherited)",
					"@executable_path/Frameworks",
				);
				MARKETING_VERSION = 1.0;
				OTHER_LDFLAGS = (
					"$(inherited)",
					"-ObjC",
					"-lc++",
				);
				PRODUCT_BUNDLE_IDENTIFIER = "org.reactjs.native.example.$(PRODUCT_NAME:rfc1034identifier)";
				PRODUCT_NAME = my_app4_biExpo18;
				SWIFT_OPTIMIZATION_LEVEL = "-Onone";
				SWIFT_VERSION = 5.0;
				VERSIONING_SYSTEM = "apple-generic";
			};
			name = Debug;
		};
		13B07F951A680F5B00A75B9A /* Release */ = {
			isa = XCBuildConfiguration;
			baseConfigurationReference = 5709B34CF0A7D63546082F79 /* Pods-my_app4_biExpo18.release.xcconfig */;
			buildSettings = {
				ASSETCATALOG_COMPILER_APPICON_NAME = AppIcon;
				CLANG_ENABLE_MODULES = YES;
				CURRENT_PROJECT_VERSION = 1;
				INFOPLIST_FILE = my_app4_biExpo18/Info.plist;
				IPHONEOS_DEPLOYMENT_TARGET = 15.1;
				LD_RUNPATH_SEARCH_PATHS = (
					"$(inherited)",
					"@executable_path/Frameworks",
				);
				MARKETING_VERSION = 1.0;
				OTHER_LDFLAGS = (
					"$(inherited)",
					"-ObjC",
					"-lc++",
				);
				PRODUCT_BUNDLE_IDENTIFIER = "org.reactjs.native.example.$(PRODUCT_NAME:rfc1034identifier)";
				PRODUCT_NAME = my_app4_biExpo18;
				SWIFT_VERSION = 5.0;
				VERSIONING_SYSTEM = "apple-generic";
			};
			name = Release;
		};
		83CBBA201A601CBA00E9B192 /* Debug */ = {
			isa = XCBuildConfiguration;
			buildSettings = {
				ALWAYS_SEARCH_USER_PATHS = NO;
				CLANG_ANALYZER_LOCALIZABILITY_NONLOCALIZED = YES;
				CLANG_CXX_LANGUAGE_STANDARD = "c++20";
				CLANG_CXX_LIBRARY = "libc++";
				CLANG_ENABLE_MODULES = YES;
				CLANG_ENABLE_OBJC_ARC = YES;
				CLANG_WARN_BLOCK_CAPTURE_AUTORELEASING = YES;
				CLANG_WARN_BOOL_CONVERSION = YES;
				CLANG_WARN_COMMA = YES;
				CLANG_WARN_CONSTANT_CONVERSION = YES;
				CLANG_WARN_DEPRECATED_OBJC_IMPLEMENTATIONS = YES;
				CLANG_WARN_DIRECT_OBJC_ISA_USAGE = YES_ERROR;
				CLANG_WARN_EMPTY_BODY = YES;
				CLANG_WARN_ENUM_CONVERSION = YES;
				CLANG_WARN_INFINITE_RECURSION = YES;
				CLANG_WARN_INT_CONVERSION = YES;
				CLANG_WARN_NON_LITERAL_NULL_CONVERSION = YES;
				CLANG_WARN_OBJC_IMPLICIT_RETAIN_SELF = YES;
				CLANG_WARN_OBJC_LITERAL_CONVERSION = YES;
				CLANG_WARN_OBJC_ROOT_CLASS = YES_ERROR;
				CLANG_WARN_QUOTED_INCLUDE_IN_FRAMEWORK_HEADER = YES;
				CLANG_WARN_RANGE_LOOP_ANALYSIS = YES;
				CLANG_WARN_STRICT_PROTOTYPES = YES;
				CLANG_WARN_SUSPICIOUS_MOVE = YES;
				CLANG_WARN_UNREACHABLE_CODE = YES;
				CLANG_WARN__DUPLICATE_METHOD_MATCH = YES;
				"CODE_SIGN_IDENTITY[sdk=iphoneos*]" = "iPhone Developer";
				COPY_PHASE_STRIP = NO;
				ENABLE_STRICT_OBJC_MSGSEND = YES;
				ENABLE_TESTABILITY = YES;
				"EXCLUDED_ARCHS[sdk=iphonesimulator*]" = "";
				GCC_C_LANGUAGE_STANDARD = gnu99;
				GCC_DYNAMIC_NO_PIC = NO;
				GCC_NO_COMMON_BLOCKS = YES;
				GCC_OPTIMIZATION_LEVEL = 0;
				GCC_PREPROCESSOR_DEFINITIONS = (
					"DEBUG=1",
					"$(inherited)",
				);
				GCC_SYMBOLS_PRIVATE_EXTERN = NO;
				GCC_WARN_64_TO_32_BIT_CONVERSION = YES;
				GCC_WARN_ABOUT_RETURN_TYPE = YES_ERROR;
				GCC_WARN_UNDECLARED_SELECTOR = YES;
				GCC_WARN_UNINITIALIZED_AUTOS = YES_AGGRESSIVE;
				GCC_WARN_UNUSED_FUNCTION = YES;
				GCC_WARN_UNUSED_VARIABLE = YES;
				IPHONEOS_DEPLOYMENT_TARGET = 15.1;
				LD_RUNPATH_SEARCH_PATHS = (
					/usr/lib/swift,
					"$(inherited)",
				);
				LIBRARY_SEARCH_PATHS = (
					"\"$(SDKROOT)/usr/lib/swift\"",
					"\"$(TOOLCHAIN_DIR)/usr/lib/swift/$(PLATFORM_NAME)\"",
					"\"$(inherited)\"",
				);
				MTL_ENABLE_DEBUG_INFO = YES;
				ONLY_ACTIVE_ARCH = YES;
				OTHER_CPLUSPLUSFLAGS = (
					"$(OTHER_CFLAGS)",
					"-DFOLLY_NO_CONFIG",
					"-DFOLLY_MOBILE=1",
					"-DFOLLY_USE_LIBCPP=1",
					"-DFOLLY_CFG_NO_COROUTINES=1",
					"-DFOLLY_HAVE_CLOCK_GETTIME=1",
				);
				SDKROOT = iphoneos;
			};
			name = Debug;
		};
		83CBBA211A601CBA00E9B192 /* Release */ = {
			isa = XCBuildConfiguration;
			buildSettings = {
				ALWAYS_SEARCH_USER_PATHS = NO;
				CLANG_ANALYZER_LOCALIZABILITY_NONLOCALIZED = YES;
				CLANG_CXX_LANGUAGE_STANDARD = "c++20";
				CLANG_CXX_LIBRARY = "libc++";
				CLANG_ENABLE_MODULES = YES;
				CLANG_ENABLE_OBJC_ARC = YES;
				CLANG_WARN_BLOCK_CAPTURE_AUTORELEASING = YES;
				CLANG_WARN_BOOL_CONVERSION = YES;
				CLANG_WARN_COMMA = YES;
				CLANG_WARN_CONSTANT_CONVERSION = YES;
				CLANG_WARN_DEPRECATED_OBJC_IMPLEMENTATIONS = YES;
				CLANG_WARN_DIRECT_OBJC_ISA_USAGE = YES_ERROR;
				CLANG_WARN_EMPTY_BODY = YES;
				CLANG_WARN_ENUM_CONVERSION = YES;
				CLANG_WARN_INFINITE_RECURSION = YES;
				CLANG_WARN_INT_CONVERSION = YES;
				CLANG_WARN_NON_LITERAL_NULL_CONVERSION = YES;
				CLANG_WARN_OBJC_IMPLICIT_RETAIN_SELF = YES;
				CLANG_WARN_OBJC_LITERAL_CONVERSION = YES;
				CLANG_WARN_OBJC_ROOT_CLASS = YES_ERROR;
				CLANG_WARN_QUOTED_INCLUDE_IN_FRAMEWORK_HEADER = YES;
				CLANG_WARN_RANGE_LOOP_ANALYSIS = YES;
				CLANG_WARN_STRICT_PROTOTYPES = YES;
				CLANG_WARN_SUSPICIOUS_MOVE = YES;
				CLANG_WARN_UNREACHABLE_CODE = YES;
				CLANG_WARN__DUPLICATE_METHOD_MATCH = YES;
				"CODE_SIGN_IDENTITY[sdk=iphoneos*]" = "iPhone Developer";
				COPY_PHASE_STRIP = YES;
				ENABLE_NS_ASSERTIONS = NO;
				ENABLE_STRICT_OBJC_MSGSEND = YES;
				"EXCLUDED_ARCHS[sdk=iphonesimulator*]" = "";
				GCC_C_LANGUAGE_STANDARD = gnu99;
				GCC_NO_COMMON_BLOCKS = YES;
				GCC_WARN_64_TO_32_BIT_CONVERSION = YES;
				GCC_WARN_ABOUT_RETURN_TYPE = YES_ERROR;
				GCC_WARN_UNDECLARED_SELECTOR = YES;
				GCC_WARN_UNINITIALIZED_AUTOS = YES_AGGRESSIVE;
				GCC_WARN_UNUSED_FUNCTION = YES;
				GCC_WARN_UNUSED_VARIABLE = YES;
				IPHONEOS_DEPLOYMENT_TARGET = 15.1;
				LD_RUNPATH_SEARCH_PATHS = (
					/usr/lib/swift,
					"$(inherited)",
				);
				LIBRARY_SEARCH_PATHS = (
					"\"$(SDKROOT)/usr/lib/swift\"",
					"\"$(TOOLCHAIN_DIR)/usr/lib/swift/$(PLATFORM_NAME)\"",
					"\"$(inherited)\"",
				);
				MTL_ENABLE_DEBUG_INFO = NO;
				OTHER_CPLUSPLUSFLAGS = (
					"$(OTHER_CFLAGS)",
					"-DFOLLY_NO_CONFIG",
					"-DFOLLY_MOBILE=1",
					"-DFOLLY_USE_LIBCPP=1",
					"-DFOLLY_CFG_NO_COROUTINES=1",
					"-DFOLLY_HAVE_CLOCK_GETTIME=1",
				);
				SDKROOT = iphoneos;
				VALIDATE_PRODUCT = YES;
			};
			name = Release;
		};
/* End XCBuildConfiguration section */

/* Begin XCConfigurationList section */
		13B07F931A680F5B00A75B9A /* Build configuration list for PBXNativeTarget "my_app4_biExpo18" */ = {
			isa = XCConfigurationList;
			buildConfigurations = (
				13B07F941A680F5B00A75B9A /* Debug */,
				13B07F951A680F5B00A75B9A /* Release */,
			);
			defaultConfigurationIsVisible = 0;
			defaultConfigurationName = Release;
		};
		83CBB9FA1A601CBA00E9B192 /* Build configuration list for PBXProject "my_app4_biExpo18" */ = {
			isa = XCConfigurationList;
			buildConfigurations = (
				83CBBA201A601CBA00E9B192 /* Debug */,
				83CBBA211A601CBA00E9B192 /* Release */,
			);
			defaultConfigurationIsVisible = 0;
			defaultConfigurationName = Release;
		};
/* End XCConfigurationList section */
	};
	rootObject = 83CBB9F71A601CBA00E9B192 /* Project object */;
}
